
Microsoft Visual Studio Solution File, Format Version 12.00
# Visual Studio Version 17
VisualStudioVersion = 17.0.31903.59
MinimumVisualStudioVersion = 10.0.40219.1
Project("{2150E333-8FDC-42A3-9474-1A3956D46DE8}") = "src", "src", "{827E0CD3-B72D-47B6-A68D-7590B98EB39B}"
EndProject
Project("{FAE04EC0-301F-11D3-BF4B-00C04F79EFBC}") = "Cinema.Domain", "src\Cinema.Domain\Cinema.Domain.csproj", "{0954A146-B524-4F29-BBBB-33D3DE92937A}"
EndProject
Project("{FAE04EC0-301F-11D3-BF4B-00C04F79EFBC}") = "Cinema.Application", "src\Cinema.Application\Cinema.Application.csproj", "{A61C41BA-646B-47A8-B0B9-A46491FDCFA0}"
EndProject
Project("{FAE04EC0-301F-11D3-BF4B-00C04F79EFBC}") = "Cinema.Infrastructure", "src\Cinema.Infrastructure\Cinema.Infrastructure.csproj", "{62FF2A25-3384-47F4-8192-A81F658B018A}"
EndProject
Project("{FAE04EC0-301F-11D3-BF4B-00C04F79EFBC}") = "Cinema.Api", "src\Cinema.Api\Cinema.Api.csproj", "{1751EBB2-C6BA-4348-8242-BE597C2AA6C0}"
EndProject
Global
	GlobalSection(SolutionConfigurationPlatforms) = preSolution
		Debug|Any CPU = Debug|Any CPU
		Debug|x64 = Debug|x64
		Debug|x86 = Debug|x86
		Release|Any CPU = Release|Any CPU
		Release|x64 = Release|x64
		Release|x86 = Release|x86
	EndGlobalSection
	GlobalSection(ProjectConfigurationPlatforms) = postSolution
		{0954A146-B524-4F29-BBBB-33D3DE92937A}.Debug|Any CPU.ActiveCfg = Debug|Any CPU
		{0954A146-B524-4F29-BBBB-33D3DE92937A}.Debug|Any CPU.Build.0 = Debug|Any CPU
		{0954A146-B524-4F29-BBBB-33D3DE92937A}.Debug|x64.ActiveCfg = Debug|Any CPU
		{0954A146-B524-4F29-BBBB-33D3DE92937A}.Debug|x64.Build.0 = Debug|Any CPU
		{0954A146-B524-4F29-BBBB-33D3DE92937A}.Debug|x86.ActiveCfg = Debug|Any CPU
		{0954A146-B524-4F29-BBBB-33D3DE92937A}.Debug|x86.Build.0 = Debug|Any CPU
		{0954A146-B524-4F29-BBBB-33D3DE92937A}.Release|Any CPU.ActiveCfg = Release|Any CPU
		{0954A146-B524-4F29-BBBB-33D3DE92937A}.Release|Any CPU.Build.0 = Release|Any CPU
		{0954A146-B524-4F29-BBBB-33D3DE92937A}.Release|x64.ActiveCfg = Release|Any CPU
		{0954A146-B524-4F29-BBBB-33D3DE92937A}.Release|x64.Build.0 = Release|Any CPU
		{0954A146-B524-4F29-BBBB-33D3DE92937A}.Release|x86.ActiveCfg = Release|Any CPU
		{0954A146-B524-4F29-BBBB-33D3DE92937A}.Release|x86.Build.0 = Release|Any CPU
		{A61C41BA-646B-47A8-B0B9-A46491FDCFA0}.Debug|Any CPU.ActiveCfg = Debug|Any CPU
		{A61C41BA-646B-47A8-B0B9-A46491FDCFA0}.Debug|Any CPU.Build.0 = Debug|Any CPU
		{A61C41BA-646B-47A8-B0B9-A46491FDCFA0}.Debug|x64.ActiveCfg = Debug|Any CPU
		{A61C41BA-646B-47A8-B0B9-A46491FDCFA0}.Debug|x64.Build.0 = Debug|Any CPU
		{A61C41BA-646B-47A8-B0B9-A46491FDCFA0}.Debug|x86.ActiveCfg = Debug|Any CPU
		{A61C41BA-646B-47A8-B0B9-A46491FDCFA0}.Debug|x86.Build.0 = Debug|Any CPU
		{A61C41BA-646B-47A8-B0B9-A46491FDCFA0}.Release|Any CPU.ActiveCfg = Release|Any CPU
		{A61C41BA-646B-47A8-B0B9-A46491FDCFA0}.Release|Any CPU.Build.0 = Release|Any CPU
		{A61C41BA-646B-47A8-B0B9-A46491FDCFA0}.Release|x64.ActiveCfg = Release|Any CPU
		{A61C41BA-646B-47A8-B0B9-A46491FDCFA0}.Release|x64.Build.0 = Release|Any CPU
		{A61C41BA-646B-47A8-B0B9-A46491FDCFA0}.Release|x86.ActiveCfg = Release|Any CPU
		{A61C41BA-646B-47A8-B0B9-A46491FDCFA0}.Release|x86.Build.0 = Release|Any CPU
		{62FF2A25-3384-47F4-8192-A81F658B018A}.Debug|Any CPU.ActiveCfg = Debug|Any CPU
		{62FF2A25-3384-47F4-8192-A81F658B018A}.Debug|Any CPU.Build.0 = Debug|Any CPU
		{62FF2A25-3384-47F4-8192-A81F658B018A}.Debug|x64.ActiveCfg = Debug|Any CPU
		{62FF2A25-3384-47F4-8192-A81F658B018A}.Debug|x64.Build.0 = Debug|Any CPU
		{62FF2A25-3384-47F4-8192-A81F658B018A}.Debug|x86.ActiveCfg = Debug|Any CPU
		{62FF2A25-3384-47F4-8192-A81F658B018A}.Debug|x86.Build.0 = Debug|Any CPU
		{62FF2A25-3384-47F4-8192-A81F658B018A}.Release|Any CPU.ActiveCfg = Release|Any CPU
		{62FF2A25-3384-47F4-8192-A81F658B018A}.Release|Any CPU.Build.0 = Release|Any CPU
		{62FF2A25-3384-47F4-8192-A81F658B018A}.Release|x64.ActiveCfg = Release|Any CPU
		{62FF2A25-3384-47F4-8192-A81F658B018A}.Release|x64.Build.0 = Release|Any CPU
		{62FF2A25-3384-47F4-8192-A81F658B018A}.Release|x86.ActiveCfg = Release|Any CPU
		{62FF2A25-3384-47F4-8192-A81F658B018A}.Release|x86.Build.0 = Release|Any CPU
		{1751EBB2-C6BA-4348-8242-BE597C2AA6C0}.Debug|Any CPU.ActiveCfg = Debug|Any CPU
		{1751EBB2-C6BA-4348-8242-BE597C2AA6C0}.Debug|Any CPU.Build.0 = Debug|Any CPU
		{1751EBB2-C6BA-4348-8242-BE597C2AA6C0}.Debug|x64.ActiveCfg = Debug|Any CPU
		{1751EBB2-C6BA-4348-8242-BE597C2AA6C0}.Debug|x64.Build.0 = Debug|Any CPU
		{1751EBB2-C6BA-4348-8242-BE597C2AA6C0}.Debug|x86.ActiveCfg = Debug|Any CPU
		{1751EBB2-C6BA-4348-8242-BE597C2AA6C0}.Debug|x86.Build.0 = Debug|Any CPU
		{1751EBB2-C6BA-4348-8242-BE597C2AA6C0}.Release|Any CPU.ActiveCfg = Release|Any CPU
		{1751EBB2-C6BA-4348-8242-BE597C2AA6C0}.Release|Any CPU.Build.0 = Release|Any CPU
		{1751EBB2-C6BA-4348-8242-BE597C2AA6C0}.Release|x64.ActiveCfg = Release|Any CPU
		{1751EBB2-C6BA-4348-8242-BE597C2AA6C0}.Release|x64.Build.0 = Release|Any CPU
		{1751EBB2-C6BA-4348-8242-BE597C2AA6C0}.Release|x86.ActiveCfg = Release|Any CPU
		{1751EBB2-C6BA-4348-8242-BE597C2AA6C0}.Release|x86.Build.0 = Release|Any CPU
	EndGlobalSection
	GlobalSection(SolutionProperties) = preSolution
		HideSolutionNode = FALSE
	EndGlobalSection
	GlobalSection(NestedProjects) = preSolution
		{0954A146-B524-4F29-BBBB-33D3DE92937A} = {827E0CD3-B72D-47B6-A68D-7590B98EB39B}
		{A61C41BA-646B-47A8-B0B9-A46491FDCFA0} = {827E0CD3-B72D-47B6-A68D-7590B98EB39B}
		{62FF2A25-3384-47F4-8192-A81F658B018A} = {827E0CD3-B72D-47B6-A68D-7590B98EB39B}
		{1751EBB2-C6BA-4348-8242-BE597C2AA6C0} = {827E0CD3-B72D-47B6-A68D-7590B98EB39B}
	EndGlobalSection
EndGlobal
