{
  "version": 1,
  "dependencies": {
    "net9.0": {
      "FirebaseAdmin": {
        "type": "Direct",
        "requested": "[3.4.0, )",
        "resolved": "3.4.0",
        "contentHash": "sQyVEOYRe4HSSmRCJQhKr33DxZk10lpDE2otdTgNkqPn4BRul2JG7TCQC7N7X0wO9ShnPLbVS4xuSUHlaPBbug==",
        "dependencies": {
          "Google.Api.Gax.Rest": "4.8.0",
          "Google.Apis.Auth": "1.68.0",
          "System.Collections.Immutable": "8.0.0"
        }
      },
      "Google.Apis.Auth": {
        "type": "Direct",
        "requested": "[1.71.0, )",
        "resolved": "1.71.0",
        "contentHash": "AshxDrFfj0QQPkmGQWvWhT+iZ8Vif23hLa9mFZ6cnbwvfXmXwXOWK9bP6uWnLj+sO6otAYKm+7SMZYgwi1AdJA==",
        "dependencies": {
          "Google.Apis": "1.71.0",
          "Google.Apis.Core": "1.71.0",
          "System.Management": "7.0.2"
        }
      },
      "Google.Cloud.Firestore": {
        "type": "Direct",
        "requested": "[3.10.0, )",
        "resolved": "3.10.0",
        "contentHash": "euC8WgTjtpV9mCAqNrg81Zs0ebW4kKcZwXTUCRnhLHHND2+DAe9q+z/SwsszK1kgTwDTKv0sW5O8qPriR+iw6w==",
        "dependencies": {
          "Google.Cloud.Firestore.V1": "3.10.0",
          "System.Collections.Immutable": "6.0.0",
          "System.Linq.Async": "6.0.1"
        }
      },
      "Microsoft.Extensions.Configuration.Abstractions": {
        "type": "Direct",
        "requested": "[9.0.9, )",
        "resolved": "9.0.9",
        "contentHash": "p5RKAY9POvs3axwA/AQRuJeM8AHuE8h4qbP1NxQeGm0ep46aXz1oCLAp/oOYxX1GsjStgdhHrN3XXLLXr0+b3w==",
        "dependencies": {
          "Microsoft.Extensions.Primitives": "9.0.9"
        }
      },
      "Microsoft.Extensions.Configuration.Binder": {
        "type": "Direct",
        "requested": "[9.0.9, )",
        "resolved": "9.0.9",
        "contentHash": "6SIp/6Bngk4jm2W36JekZbiIbFPdE/eMUtrJEqIqHGpd1zar3jvgnwxnpWQfzUiGrkyY8q8s6V82zkkEZozghA==",
        "dependencies": {
          "Microsoft.Extensions.Configuration.Abstractions": "9.0.9"
        }
      },
      "Microsoft.Extensions.DependencyInjection.Abstractions": {
        "type": "Direct",
        "requested": "[9.0.9, )",
        "resolved": "9.0.9",
        "contentHash": "/hymojfWbE9AlDOa0mczR44m00Jj+T3+HZO0ZnVTI032fVycI0ZbNOVFP6kqZMcXiLSYXzR2ilcwaRi6dzeGyA=="
      },
      "Microsoft.Extensions.Options": {
        "type": "Direct",
        "requested": "[9.0.9, )",
        "resolved": "9.0.9",
        "contentHash": "loxGGHE1FC2AefwPHzrjPq7X92LQm64qnU/whKfo6oWaceewPUVYQJBJs3S3E2qlWwnCpeZ+dGCPTX+5dgVAuQ==",
        "dependencies": {
          "Microsoft.Extensions.DependencyInjection.Abstractions": "9.0.9",
          "Microsoft.Extensions.Primitives": "9.0.9"
        }
      },
      "Serilog": {
        "type": "Direct",
        "requested": "[4.3.0, )",
        "resolved": "4.3.0",
        "contentHash": "+cDryFR0GRhsGOnZSKwaDzRRl4MupvJ42FhCE4zhQRVanX0Jpg6WuCBk59OVhVDPmab1bB+nRykAnykYELA9qQ=="
      },
      "StyleCop.Analyzers": {
        "type": "Direct",
        "requested": "[1.1.118, )",
        "resolved": "1.1.118",
        "contentHash": "Onx6ovGSqXSK07n/0eM3ZusiNdB6cIlJdabQhWGgJp3Vooy9AaLS/tigeybOJAobqbtggTamoWndz72JscZBvw=="
      },
      "Google.Api.CommonProtos": {
        "type": "Transitive",
        "resolved": "2.16.0",
        "contentHash": "37MuZrE9AAqHAdYgFLoTHydAiXDRriQZGVKEg6fr6ASnrY5GtauYXnQrGk5x2K3NmYzEXe+wkpaPVmxjb3NKjg==",
        "dependencies": {
          "Google.Protobuf": "[3.28.2, 4.0.0)"
        }
      },
      "Google.Api.Gax": {
        "type": "Transitive",
        "resolved": "4.9.0",
        "contentHash": "fjHHYcQ99u0ztqwT537rvVtJMdDy6G2VHBZ+F1cBjDGYNVZfrpk40DMQ/OpUGToT9ZGHVirhh3eJ73bw2ANVPQ==",
        "dependencies": {
          "Microsoft.Bcl.AsyncInterfaces": "6.0.0",
          "Newtonsoft.Json": "13.0.3",
          "System.Diagnostics.DiagnosticSource": "6.0.1"
        }
      },
      "Google.Api.Gax.Grpc": {
        "type": "Transitive",
        "resolved": "4.9.0",
        "contentHash": "ToCx/0cs+wJ9j7vzKRcPAKneJVZrz/s9JhW9QsFx1dar9WzTxawQZ8xTjyieSy8tY0UiYCL1qYkn/iRrklYnSA==",
        "dependencies": {
          "Google.Api.CommonProtos": "2.16.0",
          "Google.Api.Gax": "4.9.0",
          "Google.Apis.Auth": "1.68.0",
          "Grpc.Auth": "2.66.0",
          "Grpc.Core.Api": "2.66.0",
          "Grpc.Net.Client": "2.66.0",
          "Microsoft.Extensions.DependencyInjection.Abstractions": "6.0.0"
        }
      },
      "Google.Api.Gax.Rest": {
        "type": "Transitive",
        "resolved": "4.8.0",
        "contentHash": "zaA5LZ2VvGj/wwIzRB68swr7khi2kWNgqWvsB0fYtScIAl3kGkGtqiBcx63H1YLeKr5xau1866bFjTeReH6FSQ==",
        "dependencies": {
          "Google.Api.Gax": "4.8.0",
          "Google.Apis.Auth": "[1.67.0, 2.0.0)",
          "Microsoft.Extensions.DependencyInjection.Abstractions": "6.0.0"
        }
      },
      "Google.Apis": {
        "type": "Transitive",
        "resolved": "1.71.0",
        "contentHash": "xKVk+SLZXeBPKuEKzNTg2K7ptr5ZL40+VSR8e5+yJbzTE9uRCCDPlAzT/ij3urh4usBsn5IiW5rXQI+xAc3bRQ==",
        "dependencies": {
          "Google.Apis.Core": "1.71.0"
        }
      },
      "Google.Apis.Core": {
        "type": "Transitive",
        "resolved": "1.71.0",
        "contentHash": "tCsg4USOGBVCIrSOyLht1akZe/+ioH7+LVWix6XuxP5fFiw5kEFSBXL+Of93aK/ztJa1dQI+p03dJ+AKgViRuw==",
        "dependencies": {
          "Newtonsoft.Json": "13.0.3"
        }
      },
      "Google.Cloud.Firestore.V1": {
        "type": "Transitive",
        "resolved": "3.10.0",
        "contentHash": "lyk4HmErTGYRqyP2hmPMZT0S39RnkRwqLsY4AHEeGefR4JbLcSN+4MzSOMEu18nCYcVN0yYIYVLmNE5dyIduHQ==",
        "dependencies": {
          "Google.Api.Gax.Grpc": "[4.9.0, 5.0.0)",
          "Google.Cloud.Location": "[2.3.0, 3.0.0)",
          "Google.LongRunning": "[3.3.0, 4.0.0)"
        }
      },
      "Google.Cloud.Location": {
        "type": "Transitive",
        "resolved": "2.3.0",
        "contentHash": "ABQ4EM7FsOM7tx0cmlkZmHFqH1LeCf4teWPM26UT7mZJzlH4Pk8HUcyi/xEFe3l6LanNFCTHbKT+eOlQ/axkJg==",
        "dependencies": {
          "Google.Api.Gax.Grpc": "[4.8.0, 5.0.0)"
        }
      },
      "Google.LongRunning": {
        "type": "Transitive",
        "resolved": "3.3.0",
        "contentHash": "F2SZ83Jo466Wj/s1Z7QhIAmWBXxJZQyXZpcx0P8BR7d6s0FAj67vQjeUPESSJcvsy8AqYiYBhkUr2YpZhTQeHg==",
        "dependencies": {
          "Google.Api.Gax.Grpc": "[4.8.0, 5.0.0)"
        }
      },
      "Google.Protobuf": {
        "type": "Transitive",
        "resolved": "3.28.2",
        "contentHash": "Z86ZKAB+v1B/m0LTM+EVamvZlYw/g3VND3/Gs4M/+aDIxa2JE9YPKjDxTpf0gv2sh26hrve3eI03brxBmzn92g=="
      },
      "Grpc.Auth": {
        "type": "Transitive",
        "resolved": "2.66.0",
        "contentHash": "FRQlhMAcHf0GjAXIfhN6RydfZncLLXNNTOtpLL1bt57kp59vu40faW+dr6Vwl7ef/IUFfF38aiB5jvhAA/9Aow==",
        "dependencies": {
          "Google.Apis.Auth": "1.68.0",
          "Grpc.Core.Api": "2.66.0"
        }
      },
      "Grpc.Core.Api": {
        "type": "Transitive",
        "resolved": "2.66.0",
        "contentHash": "HsjsQVAHe4hqP4t4rpUnmq+MZvPdyrlPsWF4T5fbMvyP3o/lMV+KVJfDlaNH8+v0aGQTVT3EsDFufbhaWb52cw=="
      },
      "Grpc.Net.Client": {
        "type": "Transitive",
        "resolved": "2.66.0",
        "contentHash": "GwkSsssXFgN9+M2U+UQWdErf61sn1iqgP+2NRBlDXATcP9vlxda0wySxd/eIL8U522+SnyFNUXlvQ5tAzGk9cA==",
        "dependencies": {
          "Grpc.Net.Common": "2.66.0",
          "Microsoft.Extensions.Logging.Abstractions": "6.0.0"
        }
      },
      "Grpc.Net.Common": {
        "type": "Transitive",
        "resolved": "2.66.0",
        "contentHash": "YJpQpIvpo0HKlsG6SHwaieyji08qfv0DdEDIewCAA0egQY08637sHOj1netLGUhzBEsCqlGC3e92TZ2uqhxnvw==",
        "dependencies": {
          "Grpc.Core.Api": "2.66.0"
        }
      },
      "Microsoft.Bcl.AsyncInterfaces": {
        "type": "Transitive",
        "resolved": "6.0.0",
        "contentHash": "UcSjPsst+DfAdJGVDsu346FX0ci0ah+lw3WRtn18NUwEqRt70HaOQ7lI72vy3+1LxtqI3T5GWwV39rQSrCzAeg=="
      },
      "Microsoft.Extensions.Logging.Abstractions": {
        "type": "Transitive",
        "resolved": "6.0.0",
        "contentHash": "/HggWBbTwy8TgebGSX5DBZ24ndhzi93sHUBDvP1IxbZD7FDokYzdAr6+vbWGjw2XAfR2EJ1sfKUotpjHnFWPxA=="
      },
      "Microsoft.Extensions.Primitives": {
        "type": "Transitive",
        "resolved": "9.0.9",
        "contentHash": "z4pyMePOrl733ltTowbN565PxBw1oAr8IHmIXNDiDqd22nFpYltX9KhrNC/qBWAG1/Zx5MHX+cOYhWJQYCO/iw=="
      },
      "Newtonsoft.Json": {
        "type": "Transitive",
        "resolved": "13.0.3",
        "contentHash": "HrC5BXdl00IP9zeV+0Z848QWPAoCr9P3bDEZguI+gkLcBKAOxix/tLEAAHC+UvDNPv4a2d18lOReHMOagPa+zQ=="
      },
      "System.CodeDom": {
        "type": "Transitive",
        "resolved": "7.0.0",
        "contentHash": "GLltyqEsE5/3IE+zYRP5sNa1l44qKl9v+bfdMcwg+M9qnQf47wK3H0SUR/T+3N4JEQXF3vV4CSuuo0rsg+nq2A=="
      },
      "System.Collections.Immutable": {
        "type": "Transitive",
        "resolved": "8.0.0",
        "contentHash": "AurL6Y5BA1WotzlEvVaIDpqzpIPvYnnldxru8oXJU2yFxFUy3+pNXjXd1ymO+RA0rq0+590Q8gaz2l3Sr7fmqg=="
      },
      "System.Diagnostics.DiagnosticSource": {
        "type": "Transitive",
        "resolved": "6.0.1",
        "contentHash": "KiLYDu2k2J82Q9BJpWiuQqCkFjRBWVq4jDzKKWawVi9KWzyD0XG3cmfX0vqTQlL14Wi9EufJrbL0+KCLTbqWiQ==",
        "dependencies": {
          "System.Runtime.CompilerServices.Unsafe": "6.0.0"
        }
      },
      "System.Linq.Async": {
        "type": "Transitive",
        "resolved": "6.0.1",
        "contentHash": "0YhHcaroWpQ9UCot3Pizah7ryAzQhNvobLMSxeDIGmnXfkQn8u5owvpOH0K6EVB+z9L7u6Cc4W17Br/+jyttEQ==",
        "dependencies": {
          "Microsoft.Bcl.AsyncInterfaces": "6.0.0"
        }
      },
      "System.Management": {
        "type": "Transitive",
        "resolved": "7.0.2",
        "contentHash": "/qEUN91mP/MUQmJnM5y5BdT7ZoPuVrtxnFlbJ8a3kBJGhe2wCzBfnPFtK2wTtEEcf3DMGR9J00GZZfg6HRI6yA==",
        "dependencies": {
          "System.CodeDom": "7.0.0"
        }
      },
      "System.Runtime.CompilerServices.Unsafe": {
        "type": "Transitive",
        "resolved": "6.0.0",
        "contentHash": "/iUeP3tq1S0XdNNoMz5C9twLSrM/TH+qElHkXWaPvuNOt+99G75NrV0OS2EqHx5wMN7popYjpc8oTjC1y16DLg=="
      },
      "cinema.application": {
        "type": "Project",
        "dependencies": {
          "Cinema.Domain": "[1.0.0, )",
          "Microsoft.Extensions.Configuration.Abstractions": "[9.0.9, )",
          "Microsoft.Extensions.DependencyInjection.Abstractions": "[9.0.9, )"
        }
      },
      "cinema.domain": {
        "type": "Project",
        "dependencies": {
          "Google.Cloud.Firestore": "[3.10.0, )"
        }
      }
    }
  }
}